
Microsoft Visual Studio Solution File, Format Version 12.00
# Visual Studio 14
VisualStudioVersion = 14.0.25420.1
MinimumVisualStudioVersion = 10.0.40219.1
Project("{2150E333-8FDC-42A3-9474-1A3956D46DE8}") = "src", "src", "{330BD2BD-70B8-432C-BB55-9047580BA893}"
EndProject
Project("{2150E333-8FDC-42A3-9474-1A3956D46DE8}") = "Solution Items", "Solution Items", "{206139CA-389B-4959-86C9-64DEBEA056B5}"
	ProjectSection(SolutionItems) = preProject
		global.json = global.json
	EndProjectSection
EndProject
Project("{8BB2217D-0F2D-49D1-97BC-3654ED321F3B}") = "SampleApp", "src\SampleApp\SampleApp.xproj", "{9B80CE85-0FDD-4B2C-8AEF-760731B59CEE}"
EndProject
Global
	GlobalSection(SolutionConfigurationPlatforms) = preSolution
		Debug|Any CPU = Debug|Any CPU
		Release|Any CPU = Release|Any CPU
	EndGlobalSection
	GlobalSection(ProjectConfigurationPlatforms) = postSolution
		{9B80CE85-0FDD-4B2C-8AEF-760731B59CEE}.Debug|Any CPU.ActiveCfg = Debug|Any CPU
		{9B80CE85-0FDD-4B2C-8AEF-760731B59CEE}.Debug|Any CPU.Build.0 = Debug|Any CPU
		{9B80CE85-0FDD-4B2C-8AEF-760731B59CEE}.Release|Any CPU.ActiveCfg = Release|Any CPU
		{9B80CE85-0FDD-4B2C-8AEF-760731B59CEE}.Release|Any CPU.Build.0 = Release|Any CPU
	EndGlobalSection
	GlobalSection(SolutionProperties) = preSolution
		HideSolutionNode = FALSE
	EndGlobalSection
	GlobalSection(NestedProjects) = preSolution
		{9B80CE85-0FDD-4B2C-8AEF-760731B59CEE} = {330BD2BD-70B8-432C-BB55-9047580BA893}
	EndGlobalSection
EndGlobal
